
Microsoft Visual Studio Solution File, Format Version 12.00
# Visual Studio Version 17
VisualStudioVersion = 17.14.36518.9 d17.14
MinimumVisualStudioVersion = 10.0.40219.1
Project("{FAE04EC0-301F-11D3-BF4B-00C04F79EFBC}") = "kt9.3", "kt9.3\kt9.3.csproj", "{5FDA30B9-F24E-47D1-A33E-7F32EA116BA8}"
EndProject
Global
	GlobalSection(SolutionConfigurationPlatforms) = preSolution
		Debug|Any CPU = Debug|Any CPU
		Release|Any CPU = Release|Any CPU
	EndGlobalSection
	GlobalSection(ProjectConfigurationPlatforms) = postSolution
		{5FDA30B9-F24E-47D1-A33E-7F32EA116BA8}.Debug|Any CPU.ActiveCfg = Debug|Any CPU
		{5FDA30B9-F24E-47D1-A33E-7F32EA116BA8}.Debug|Any CPU.Build.0 = Debug|Any CPU
		{5FDA30B9-F24E-47D1-A33E-7F32EA116BA8}.Release|Any CPU.ActiveCfg = Release|Any CPU
		{5FDA30B9-F24E-47D1-A33E-7F32EA116BA8}.Release|Any CPU.Build.0 = Release|Any CPU
	EndGlobalSection
	GlobalSection(SolutionProperties) = preSolution
		HideSolutionNode = FALSE
	EndGlobalSection
	GlobalSection(ExtensibilityGlobals) = postSolution
		SolutionGuid = {BB405B5F-B4F2-48F1-9D99-917B974D3F3F}
	EndGlobalSection
EndGlobal
